
Microsoft Visual Studio Solution File, Format Version 12.00
# Visual Studio Version 17
VisualStudioVersion = 17.8.34525.116
MinimumVisualStudioVersion = 10.0.40219.1
Project("{8BC9CEB8-8B4A-11D0-8D11-00A0C91BC942}") = "freecam", "freecam.vcxproj", "{E7CE247A-0F70-412E-B7EF-67C58BEB3B9C}"
EndProject
Global
	GlobalSection(SolutionConfigurationPlatforms) = preSolution
		Debug|x64 = Debug|x64
		Release|x64 = Release|x64
	EndGlobalSection
	GlobalSection(ProjectConfigurationPlatforms) = postSolution
		{E7CE247A-0F70-412E-B7EF-67C58BEB3B9C}.Debug|x64.ActiveCfg = Debug|x64
		{E7CE247A-0F70-412E-B7EF-67C58BEB3B9C}.Debug|x64.Build.0 = Debug|x64
		{E7CE247A-0F70-412E-B7EF-67C58BEB3B9C}.Release|x64.ActiveCfg = Release|x64
		{E7CE247A-0F70-412E-B7EF-67C58BEB3B9C}.Release|x64.Build.0 = Release|x64
	EndGlobalSection
	GlobalSection(SolutionProperties) = preSolution
		HideSolutionNode = FALSE
	EndGlobalSection
	GlobalSection(ExtensibilityGlobals) = postSolution
		SolutionGuid = {C7F5D82F-64A9-46B5-A55E-1D9AA10746BB}
	EndGlobalSection
EndGlobal
